<?xml version="1.0" encoding="UTF-8" standalone="yes" ?>
<CodeBlocks_project_file>
	<FileVersion major="1" minor="6" />
	<Project>
		<Option title="CrossZero" />
		<Option pch_mode="2" />
		<Option compiler="gcc" />
		<Build>
			<Target title="Debug">
				<Option output="bin/Debug/CrossZero" prefix_auto="1" extension_auto="1" />
				<Option object_output="obj/Debug/" />
				<Option type="1" />
				<Option compiler="gcc" />
				<Compiler>
					<Add option="-g" />
					<Add directory="." />
				</Compiler>
				<Linker>
					<Add library="sfml-graphics-d" />
					<Add library="sfml-window-d" />
					<Add library="sfml-system-d" />
				</Linker>
			</Target>
			<Target title="Release">
				<Option output="bin/Release/CrossZero" prefix_auto="1" extension_auto="1" />
				<Option object_output="obj/Release/" />
				<Option type="0" />
				<Option compiler="gcc" />
				<Compiler>
					<Add option="-O2" />
				</Compiler>
				<Linker>
					<Add option="-s" />
					<Add library="sfml-graphics" />
					<Add library="sfml-window" />
					<Add library="sfml-system" />
				</Linker>
			</Target>
		</Build>
		<Compiler>
			<Add option="-Wall" />
			<Add directory="$(#sfml.include)" />
		</Compiler>
		<Linker>
			<Add library="mingw32" />
			<Add library="user32" />
			<Add library="gdi32" />
			<Add library="winmm" />
			<Add library="dxguid" />
			<Add directory="$(#sfml.lib)" />
		</Linker>
		<Unit filename="RoundedRectangleShape.cpp" />
		<Unit filename="RoundedRectangleShape.hpp" />
		<Unit filename="eventhandler.cpp" />
		<Unit filename="eventhandler.hpp" />
		<Unit filename="main.cpp" />
		<Unit filename="mainmenu.cpp" />
		<Unit filename="mainmenu.hpp" />
		<Unit filename="screenmanager.cpp" />
		<Unit filename="screenmanager.hpp" />
		<Unit filename="server.hpp" />
		<Unit filename="simple_particles.hpp" />
		<Unit filename="stdafx.hpp" />
		<Unit filename="timer.hpp" />
		<Unit filename="ui/button.cpp" />
		<Unit filename="ui/button.hpp" />
		<Unit filename="ui/colorscheme.hpp" />
		<Unit filename="ui/control.cpp" />
		<Unit filename="ui/control.hpp" />
		<Extensions>
			<code_completion />
			<envvars />
			<debugger />
			<lib_finder disable_auto="1" />
		</Extensions>
	</Project>
</CodeBlocks_project_file>
