<?xml version="1.0" encoding="UTF-8" standalone="yes" ?>
<CodeBlocks_project_file>
	<FileVersion major="1" minor="6" />
	<Project>
		<Option title="CrossZero" />
		<Option pch_mode="2" />
		<Option compiler="gcc" />
		<Build>
			<Target title="Debug">
				<Option output="bin/Debug/CrossZero" prefix_auto="1" extension_auto="1" />
				<Option object_output="obj/Debug/" />
				<Option type="1" />
				<Option compiler="gcc" />
				<Compiler>
					<Add option="-g" />
				</Compiler>
				<Linker>
					<Add library="sfml-graphics-d" />
					<Add library="sfml-window-d" />
					<Add library="sfml-system-d" />
					<Add library="sfml-network-d" />
				</Linker>
			</Target>
			<Target title="Release">
				<Option output="bin/Release/CrossZero" prefix_auto="1" extension_auto="1" />
				<Option object_output="obj/Release/" />
				<Option type="0" />
				<Option compiler="gcc" />
				<Compiler>
					<Add option="-O2" />
				</Compiler>
				<Linker>
					<Add option="-s" />
					<Add library="sfml-graphics" />
					<Add library="sfml-window" />
					<Add library="sfml-system" />
					<Add library="sfml-network" />
				</Linker>
			</Target>
		</Build>
		<Compiler>
			<Add option="-Wall" />
			<Add option="-std=c++14" />
			<Add directory="$(#sfml.include)" />
			<Add directory="../../src" />
			<Add directory="." />
		</Compiler>
		<Linker>
			<Add library="mingw32" />
			<Add library="user32" />
			<Add library="gdi32" />
			<Add library="winmm" />
			<Add library="dxguid" />
			<Add directory="$(#sfml.lib)" />
		</Linker>
		<Unit filename="../../src/main.cpp" />
		<Unit filename="../../src/server/common_data.hpp" />
		<Unit filename="../../src/server/detail/message_decoder.hpp" />
		<Unit filename="../../src/server/detail/server_interfaces.hpp" />
		<Unit filename="../../src/server/detail/server_protocol.hpp" />
		<Unit filename="../../src/server/detail/socket_container.hpp" />
		<Unit filename="../../src/server/server.hpp" />
		<Unit filename="../../src/server/server_connection_mng.hpp" />
		<Unit filename="../../src/server/server_listener.hpp" />
		<Unit filename="../../src/stdafx.hpp" />
		<Unit filename="../../src/tools/math.hpp" />
		<Unit filename="../../src/tools/random.cpp" />
		<Unit filename="../../src/tools/random.hpp" />
		<Unit filename="../../src/tools/timer.hpp" />
		<Unit filename="../../src/ui/color_scheme.hpp" />
		<Unit filename="../../src/ui/controls/button.cpp" />
		<Unit filename="../../src/ui/controls/button.hpp" />
		<Unit filename="../../src/ui/controls/control.cpp" />
		<Unit filename="../../src/ui/controls/control.hpp" />
		<Unit filename="../../src/ui/controls/edit.cpp" />
		<Unit filename="../../src/ui/controls/edit.hpp" />
		<Unit filename="../../src/ui/draw/raster_rounded_rectangle.cpp" />
		<Unit filename="../../src/ui/draw/rounded_rectangle.cpp" />
		<Unit filename="../../src/ui/draw/rounded_rectangle.hpp" />
		<Unit filename="../../src/ui/effects.hpp" />
		<Unit filename="../../src/ui/main_menu.cpp" />
		<Unit filename="../../src/ui/main_menu.hpp" />
		<Unit filename="../../src/ui/particle.hpp" />
		<Unit filename="../../src/ui/particle.tcc" />
		<Unit filename="../../src/ui/particle_container.hpp" />
		<Unit filename="../../src/ui/particle_traits.hpp" />
		<Unit filename="../../src/ui/screens/screen.cpp" />
		<Unit filename="../../src/ui/screens/screen.hpp" />
		<Unit filename="../../src/ui/shared_font.hpp" />
		<Unit filename="../../src/ui/simple_particles.hpp" />
		<Unit filename="../../src/ui/ui.hpp" />
		<Unit filename="cb.bmp" />
		<Extensions>
			<code_completion />
			<envvars />
			<debugger />
			<lib_finder disable_auto="1" />
		</Extensions>
	</Project>
</CodeBlocks_project_file>
